{
    "_readme": [
        "This file locks the dependencies of your project to a known state",
        "Read more about it at https://getcomposer.org/doc/01-basic-usage.md#installing-dependencies",
        "This file is @generated automatically"
    ],
    "content-hash": "37a848f7f07627f51940e62480a6d3ad",
    "packages": [
        {
            "name": "atanvarno/middleware-dispatch",
            "version": "0.3.0",
            "source": {
                "type": "git",
                "url": "https://github.com/atanvarno69/simple-middleware-dispatch.git",
                "reference": "2cc95d6edbdc9ac059b791f5128973db2c92c166"
            },
            "dist": {
                "type": "zip",
                "url": "https://api.github.com/repos/atanvarno69/simple-middleware-dispatch/zipball/2cc95d6edbdc9ac059b791f5128973db2c92c166",
                "reference": "2cc95d6edbdc9ac059b791f5128973db2c92c166",
                "shasum": ""
            },
            "require": {
                "php": "^7.0",
                "psr/http-server-middleware": "^1.0.0"
            },
            "provide": {
                "psr/http-server-middleware-dispatcher-implementation": "1.0.0"
            },
            "require-dev": {
                "atanvarno/middleware-util": "^0.1.0",
                "phpunit/phpunit": "^6.5.5"
            },
            "suggest": {
                "atanvarno/middleware-util": "Provides a final handler"
            },
            "type": "library",
            "autoload": {
                "psr-4": {
                    "Atanvarno\\Middleware\\Dispatch\\": "src"
                }
            },
            "notification-url": "https://packagist.org/downloads/",
            "license": [
                "MIT"
            ],
            "authors": [
                {
                    "name": "atanvarno69",
                    "email": "atanvarno69@gmail.com",
                    "homepage": "https://github.com/atanvarno69",
                    "role": "Developer"
                }
            ],
            "description": "Basic PSR-15 middleware dispatcher",
            "homepage": "https://github.com/atanvarno69/simple-middleware-dispatch",
            "keywords": [
                "dispatcher",
                "middleware",
                "psr-15"
            ],
            "time": "2018-01-23T23:50:01+00:00"
        },
        {
            "name": "http-interop/http-factory",
            "version": "0.3.0",
            "source": {
                "type": "git",
                "url": "https://github.com/http-interop/http-factory.git",
                "reference": "c2587cc0a6f74987fefb5b8074acfd32c69a4b0f"
            },
            "dist": {
                "type": "zip",
                "url": "https://api.github.com/repos/http-interop/http-factory/zipball/c2587cc0a6f74987fefb5b8074acfd32c69a4b0f",
                "reference": "c2587cc0a6f74987fefb5b8074acfd32c69a4b0f",
                "shasum": ""
            },
            "require": {
                "php": ">=5.3.0",
                "psr/http-message": "^1.0"
            },
            "type": "library",
            "extra": {
                "branch-alias": {
                    "dev-master": "1.0.x-dev"
                }
            },
            "autoload": {
                "psr-4": {
                    "Interop\\Http\\Factory\\": "src/"
                }
            },
            "notification-url": "https://packagist.org/downloads/",
            "license": [
                "MIT"
            ],
            "authors": [
                {
                    "name": "PHP-FIG",
                    "homepage": "http://www.php-fig.org/"
                }
            ],
            "description": "Common interface for HTTP message factories",
            "keywords": [
                "factory",
                "http",
                "message",
                "psr",
                "psr-17",
                "psr-7",
                "request",
                "response"
            ],
            "abandoned": "psr/http-factory",
            "time": "2017-03-24T14:48:51+00:00"
        },
        {
            "name": "narrowspark/http-emitter",
            "version": "0.8.0",
            "source": {
                "type": "git",
                "url": "https://github.com/narrowspark/http-emitter.git",
                "reference": "19044447b8cb6a821a72ace3e343b10782f4600e"
            },
            "dist": {
                "type": "zip",
                "url": "https://api.github.com/repos/narrowspark/http-emitter/zipball/19044447b8cb6a821a72ace3e343b10782f4600e",
                "reference": "19044447b8cb6a821a72ace3e343b10782f4600e",
                "shasum": ""
            },
            "require": {
                "php": "^7.1",
                "psr/http-message": "^1.0"
            },
            "provide": {
                "psr/http-message-implementation": "^1.0"
            },
            "require-dev": {
                "narrowspark/coding-standard": "^1.4.0",
                "phpunit/phpunit": "^7.0",
                "zendframework/zend-diactoros": "^1.8.0"
            },
            "type": "library",
            "autoload": {
                "psr-4": {
                    "Narrowspark\\HttpEmitter\\": "src/"
                },
                "exclude-from-classmap": [
                    "tests/"
                ]
            },
            "notification-url": "https://packagist.org/downloads/",
            "license": [
                "MIT"
            ],
            "authors": [
                {
                    "name": "Daniel Bannert",
                    "email": "d.bannert@anolilab.de",
                    "homepage": "http://www.anolilab.de",
                    "role": "Developer"
                }
            ],
            "description": "Emitting psr-7 responses.",
            "keywords": [
                "emitter",
                "http",
                "narrowspark",
                "psr-7",
                "sapi"
            ],
            "time": "2019-03-08T14:27:56+00:00"
        },
        {
            "name": "nyholm/psr7",
            "version": "0.3.0",
            "source": {
                "type": "git",
                "url": "https://github.com/Nyholm/psr7.git",
                "reference": "ec2c453decfc5f8ee5a8cf43694b8ca392503d32"
            },
            "dist": {
                "type": "zip",
                "url": "https://api.github.com/repos/Nyholm/psr7/zipball/ec2c453decfc5f8ee5a8cf43694b8ca392503d32",
                "reference": "ec2c453decfc5f8ee5a8cf43694b8ca392503d32",
                "shasum": ""
            },
            "require": {
                "http-interop/http-factory": "^0.3",
                "php": "^7.1",
                "php-http/message-factory": "^1.0",
                "psr/http-message": "^1.0"
            },
            "provide": {
                "psr/http-factory-implementation": "1.0",
                "psr/http-message-implementation": "1.0"
            },
            "require-dev": {
                "http-interop/http-factory-tests": "dev-master",
                "php-http/psr7-integration-tests": "dev-master",
                "phpunit/phpunit": "^7.0"
            },
            "type": "library",
            "autoload": {
                "psr-4": {
                    "Nyholm\\Psr7\\": "src/"
                }
            },
            "notification-url": "https://packagist.org/downloads/",
            "license": [
                "MIT"
            ],
            "authors": [
                {
                    "name": "Tobias Nyholm",
                    "email": "tobias.nyholm@gmail.com"
                }
            ],
            "description": "A fast PHP7 implementation of PSR-7",
            "homepage": "http://tnyholm.se",
            "keywords": [
                "psr-17",
                "psr-7"
            ],
            "time": "2018-02-06T12:01:53+00:00"
        },
        {
            "name": "php-http/message-factory",
            "version": "v1.0.2",
            "source": {
                "type": "git",
                "url": "https://github.com/php-http/message-factory.git",
                "reference": "a478cb11f66a6ac48d8954216cfed9aa06a501a1"
            },
            "dist": {
                "type": "zip",
                "url": "https://api.github.com/repos/php-http/message-factory/zipball/a478cb11f66a6ac48d8954216cfed9aa06a501a1",
                "reference": "a478cb11f66a6ac48d8954216cfed9aa06a501a1",
                "shasum": ""
            },
            "require": {
                "php": ">=5.4",
                "psr/http-message": "^1.0"
            },
            "type": "library",
            "extra": {
                "branch-alias": {
                    "dev-master": "1.0-dev"
                }
            },
            "autoload": {
                "psr-4": {
                    "Http\\Message\\": "src/"
                }
            },
            "notification-url": "https://packagist.org/downloads/",
            "license": [
                "MIT"
            ],
            "authors": [
                {
                    "name": "Márk Sági-Kazár",
                    "email": "mark.sagikazar@gmail.com"
                }
            ],
            "description": "Factory interfaces for PSR-7 HTTP Message",
            "homepage": "http://php-http.org",
            "keywords": [
                "factory",
                "http",
                "message",
                "stream",
                "uri"
            ],
            "time": "2015-12-19T14:08:53+00:00"
        },
        {
            "name": "psr/http-message",
            "version": "1.0.1",
            "source": {
                "type": "git",
                "url": "https://github.com/php-fig/http-message.git",
                "reference": "f6561bf28d520154e4b0ec72be95418abe6d9363"
            },
            "dist": {
                "type": "zip",
                "url": "https://api.github.com/repos/php-fig/http-message/zipball/f6561bf28d520154e4b0ec72be95418abe6d9363",
                "reference": "f6561bf28d520154e4b0ec72be95418abe6d9363",
                "shasum": ""
            },
            "require": {
                "php": ">=5.3.0"
            },
            "type": "library",
            "extra": {
                "branch-alias": {
                    "dev-master": "1.0.x-dev"
                }
            },
            "autoload": {
                "psr-4": {
                    "Psr\\Http\\Message\\": "src/"
                }
            },
            "notification-url": "https://packagist.org/downloads/",
            "license": [
                "MIT"
            ],
            "authors": [
                {
                    "name": "PHP-FIG",
                    "homepage": "http://www.php-fig.org/"
                }
            ],
            "description": "Common interface for HTTP messages",
            "homepage": "https://github.com/php-fig/http-message",
            "keywords": [
                "http",
                "http-message",
                "psr",
                "psr-7",
                "request",
                "response"
            ],
            "time": "2016-08-06T14:39:51+00:00"
        },
        {
            "name": "psr/http-server-handler",
            "version": "1.0.0",
            "source": {
                "type": "git",
                "url": "https://github.com/php-fig/http-server-handler.git",
                "reference": "439d92054dc06097f2406ec074a2627839955a02"
            },
            "dist": {
                "type": "zip",
                "url": "https://api.github.com/repos/php-fig/http-server-handler/zipball/439d92054dc06097f2406ec074a2627839955a02",
                "reference": "439d92054dc06097f2406ec074a2627839955a02",
                "shasum": ""
            },
            "require": {
                "php": ">=7.0",
                "psr/http-message": "^1.0"
            },
            "type": "library",
            "extra": {
                "branch-alias": {
                    "dev-master": "1.0.x-dev"
                }
            },
            "autoload": {
                "psr-4": {
                    "Psr\\Http\\Server\\": "src/"
                }
            },
            "notification-url": "https://packagist.org/downloads/",
            "license": [
                "MIT"
            ],
            "authors": [
                {
                    "name": "PHP-FIG",
                    "homepage": "http://www.php-fig.org/"
                }
            ],
            "description": "Common interface for HTTP server-side request handler",
            "keywords": [
                "handler",
                "http",
                "http-interop",
                "psr",
                "psr-15",
                "psr-7",
                "request",
                "response",
                "server"
            ],
            "time": "2018-01-22T17:04:15+00:00"
        },
        {
            "name": "psr/http-server-middleware",
            "version": "1.0.0",
            "source": {
                "type": "git",
                "url": "https://github.com/php-fig/http-server-middleware.git",
                "reference": "ea17eb1fb2c8df6db919cc578451a8013c6a0ae5"
            },
            "dist": {
                "type": "zip",
                "url": "https://api.github.com/repos/php-fig/http-server-middleware/zipball/ea17eb1fb2c8df6db919cc578451a8013c6a0ae5",
                "reference": "ea17eb1fb2c8df6db919cc578451a8013c6a0ae5",
                "shasum": ""
            },
            "require": {
                "php": ">=7.0",
                "psr/http-message": "^1.0",
                "psr/http-server-handler": "^1.0"
            },
            "type": "library",
            "extra": {
                "branch-alias": {
                    "dev-master": "1.0.x-dev"
                }
            },
            "autoload": {
                "psr-4": {
                    "Psr\\Http\\Server\\": "src/"
                }
            },
            "notification-url": "https://packagist.org/downloads/",
            "license": [
                "MIT"
            ],
            "authors": [
                {
                    "name": "PHP-FIG",
                    "homepage": "http://www.php-fig.org/"
                }
            ],
            "description": "Common interface for HTTP server-side middleware",
            "keywords": [
                "http",
                "http-interop",
                "middleware",
                "psr",
                "psr-15",
                "psr-7",
                "request",
                "response"
            ],
            "time": "2018-01-22T17:08:31+00:00"
        }
    ],
    "packages-dev": [],
    "aliases": [],
    "minimum-stability": "stable",
    "stability-flags": [],
    "prefer-stable": false,
    "prefer-lowest": false,
    "platform": {
        "php": ">=7.1"
    },
    "platform-dev": [],
    "plugin-api-version": "1.1.0"
}
